
Microsoft Visual Studio Solution File, Format Version 12.00
# Visual Studio Version 17
VisualStudioVersion = 17.4.33110.190
MinimumVisualStudioVersion = 10.0.40219.1
Project("{8BC9CEB8-8B4A-11D0-8D11-00A0C91BC942}") = "MetodoSecante", "MetodoSecante\MetodoSecante.vcxproj", "{0A187D20-1D7C-4F44-B3A1-AA3DBB299B70}"
EndProject
Global
	GlobalSection(SolutionConfigurationPlatforms) = preSolution
		Debug|x64 = Debug|x64
		Debug|x86 = Debug|x86
		Release|x64 = Release|x64
		Release|x86 = Release|x86
	EndGlobalSection
	GlobalSection(ProjectConfigurationPlatforms) = postSolution
		{0A187D20-1D7C-4F44-B3A1-AA3DBB299B70}.Debug|x64.ActiveCfg = Debug|x64
		{0A187D20-1D7C-4F44-B3A1-AA3DBB299B70}.Debug|x64.Build.0 = Debug|x64
		{0A187D20-1D7C-4F44-B3A1-AA3DBB299B70}.Debug|x86.ActiveCfg = Debug|Win32
		{0A187D20-1D7C-4F44-B3A1-AA3DBB299B70}.Debug|x86.Build.0 = Debug|Win32
		{0A187D20-1D7C-4F44-B3A1-AA3DBB299B70}.Release|x64.ActiveCfg = Release|x64
		{0A187D20-1D7C-4F44-B3A1-AA3DBB299B70}.Release|x64.Build.0 = Release|x64
		{0A187D20-1D7C-4F44-B3A1-AA3DBB299B70}.Release|x86.ActiveCfg = Release|Win32
		{0A187D20-1D7C-4F44-B3A1-AA3DBB299B70}.Release|x86.Build.0 = Release|Win32
	EndGlobalSection
	GlobalSection(SolutionProperties) = preSolution
		HideSolutionNode = FALSE
	EndGlobalSection
	GlobalSection(ExtensibilityGlobals) = postSolution
		SolutionGuid = {7EA62000-3FD4-403D-80A7-523FE264C23F}
	EndGlobalSection
EndGlobal
